
Microsoft Visual Studio Solution File, Format Version 12.00
# Visual Studio Version 17
VisualStudioVersion = 17.4.33213.308
MinimumVisualStudioVersion = 10.0.40219.1
Project("{151D2E53-A2C4-4D7D-83FE-D05416EBD58E}") = "ArmTemplates", "ArmTemplates\ArmTemplates.deployproj", "{4351E641-FF27-4650-86B3-47C5AF660569}"
EndProject
Project("{9A19103F-16F7-4668-BE54-9A1E7A4F7556}") = "WebApp-01", "WebApp-01\WebApp-01.csproj", "{72C13D9E-0AB6-4705-AF83-60EF6959534B}"
EndProject
Project("{9A19103F-16F7-4668-BE54-9A1E7A4F7556}") = "BusinessLogic", "BusinessLogic\BusinessLogic.csproj", "{19E583F2-8985-4D2C-BA68-113F255659C4}"
EndProject
Project("{9A19103F-16F7-4668-BE54-9A1E7A4F7556}") = "BusinessLogic.Test", "BusinessLogic.Test\BusinessLogic.Test.csproj", "{54E77996-808C-4859-B90B-5F5CFA4914C9}"
EndProject
Project("{9A19103F-16F7-4668-BE54-9A1E7A4F7556}") = "BusinessLogic.IntegrationTest", "BusinessLogic.IntegrationTest\BusinessLogic.IntegrationTest.csproj", "{D71D3F3F-6ECB-4CB1-907B-1893EEA1AA1C}"
EndProject
Project("{2150E333-8FDC-42A3-9474-1A3956D46DE8}") = "Solution Items", "Solution Items", "{AFF271D3-DAE7-40CF-809C-8523A3E417FF}"
	ProjectSection(SolutionItems) = preProject
		.editorconfig = .editorconfig
		.gitignore = .gitignore
		azure-pipelines.yml = azure-pipelines.yml
		LICENSE = LICENSE
		README.md = README.md
	EndProjectSection
EndProject
Project("{9A19103F-16F7-4668-BE54-9A1E7A4F7556}") = "Common", "Common\Common.csproj", "{89C9102C-6388-4F42-88C8-CEFAA7A80253}"
EndProject
Project("{00D1A9C2-B5F0-4AF3-8072-F6C62B433612}") = "BusinessDb", "BusinessDb\BusinessDb.sqlproj", "{F174ED86-ED1B-48D3-AC6D-1EBD5B5D81B0}"
EndProject
Project("{9A19103F-16F7-4668-BE54-9A1E7A4F7556}") = "DataAccess", "DataAccess\DataAccess.csproj", "{880D232B-5039-4835-8F88-E71A24915AB6}"
EndProject
Project("{9A19103F-16F7-4668-BE54-9A1E7A4F7556}") = "BusienessDbLib", "BusienessDbLib\BusienessDbLib.csproj", "{EC38AD89-18D9-481E-82BD-313E8E757318}"
EndProject
Global
	GlobalSection(SolutionConfigurationPlatforms) = preSolution
		CustomRelease|Any CPU = CustomRelease|Any CPU
		Debug|Any CPU = Debug|Any CPU
		Release|Any CPU = Release|Any CPU
	EndGlobalSection
	GlobalSection(ProjectConfigurationPlatforms) = postSolution
		{4351E641-FF27-4650-86B3-47C5AF660569}.CustomRelease|Any CPU.ActiveCfg = CustomRelease|Any CPU
		{4351E641-FF27-4650-86B3-47C5AF660569}.CustomRelease|Any CPU.Build.0 = CustomRelease|Any CPU
		{4351E641-FF27-4650-86B3-47C5AF660569}.Debug|Any CPU.ActiveCfg = Debug|Any CPU
		{4351E641-FF27-4650-86B3-47C5AF660569}.Debug|Any CPU.Build.0 = Debug|Any CPU
		{4351E641-FF27-4650-86B3-47C5AF660569}.Release|Any CPU.ActiveCfg = Release|Any CPU
		{4351E641-FF27-4650-86B3-47C5AF660569}.Release|Any CPU.Build.0 = Release|Any CPU
		{72C13D9E-0AB6-4705-AF83-60EF6959534B}.CustomRelease|Any CPU.ActiveCfg = CustomRelease|Any CPU
		{72C13D9E-0AB6-4705-AF83-60EF6959534B}.CustomRelease|Any CPU.Build.0 = CustomRelease|Any CPU
		{72C13D9E-0AB6-4705-AF83-60EF6959534B}.Debug|Any CPU.ActiveCfg = Debug|Any CPU
		{72C13D9E-0AB6-4705-AF83-60EF6959534B}.Debug|Any CPU.Build.0 = Debug|Any CPU
		{72C13D9E-0AB6-4705-AF83-60EF6959534B}.Release|Any CPU.ActiveCfg = Release|Any CPU
		{72C13D9E-0AB6-4705-AF83-60EF6959534B}.Release|Any CPU.Build.0 = Release|Any CPU
		{19E583F2-8985-4D2C-BA68-113F255659C4}.CustomRelease|Any CPU.ActiveCfg = CustomRelease|Any CPU
		{19E583F2-8985-4D2C-BA68-113F255659C4}.CustomRelease|Any CPU.Build.0 = CustomRelease|Any CPU
		{19E583F2-8985-4D2C-BA68-113F255659C4}.Debug|Any CPU.ActiveCfg = Debug|Any CPU
		{19E583F2-8985-4D2C-BA68-113F255659C4}.Debug|Any CPU.Build.0 = Debug|Any CPU
		{19E583F2-8985-4D2C-BA68-113F255659C4}.Release|Any CPU.ActiveCfg = Release|Any CPU
		{19E583F2-8985-4D2C-BA68-113F255659C4}.Release|Any CPU.Build.0 = Release|Any CPU
		{54E77996-808C-4859-B90B-5F5CFA4914C9}.CustomRelease|Any CPU.ActiveCfg = CustomRelease|Any CPU
		{54E77996-808C-4859-B90B-5F5CFA4914C9}.CustomRelease|Any CPU.Build.0 = CustomRelease|Any CPU
		{54E77996-808C-4859-B90B-5F5CFA4914C9}.Debug|Any CPU.ActiveCfg = Debug|Any CPU
		{54E77996-808C-4859-B90B-5F5CFA4914C9}.Debug|Any CPU.Build.0 = Debug|Any CPU
		{54E77996-808C-4859-B90B-5F5CFA4914C9}.Release|Any CPU.ActiveCfg = Release|Any CPU
		{54E77996-808C-4859-B90B-5F5CFA4914C9}.Release|Any CPU.Build.0 = Release|Any CPU
		{D71D3F3F-6ECB-4CB1-907B-1893EEA1AA1C}.CustomRelease|Any CPU.ActiveCfg = CustomRelease|Any CPU
		{D71D3F3F-6ECB-4CB1-907B-1893EEA1AA1C}.CustomRelease|Any CPU.Build.0 = CustomRelease|Any CPU
		{D71D3F3F-6ECB-4CB1-907B-1893EEA1AA1C}.Debug|Any CPU.ActiveCfg = Debug|Any CPU
		{D71D3F3F-6ECB-4CB1-907B-1893EEA1AA1C}.Debug|Any CPU.Build.0 = Debug|Any CPU
		{D71D3F3F-6ECB-4CB1-907B-1893EEA1AA1C}.Release|Any CPU.ActiveCfg = Release|Any CPU
		{D71D3F3F-6ECB-4CB1-907B-1893EEA1AA1C}.Release|Any CPU.Build.0 = Release|Any CPU
		{89C9102C-6388-4F42-88C8-CEFAA7A80253}.CustomRelease|Any CPU.ActiveCfg = CustomRelease|Any CPU
		{89C9102C-6388-4F42-88C8-CEFAA7A80253}.CustomRelease|Any CPU.Build.0 = CustomRelease|Any CPU
		{89C9102C-6388-4F42-88C8-CEFAA7A80253}.Debug|Any CPU.ActiveCfg = Debug|Any CPU
		{89C9102C-6388-4F42-88C8-CEFAA7A80253}.Debug|Any CPU.Build.0 = Debug|Any CPU
		{89C9102C-6388-4F42-88C8-CEFAA7A80253}.Release|Any CPU.ActiveCfg = Release|Any CPU
		{89C9102C-6388-4F42-88C8-CEFAA7A80253}.Release|Any CPU.Build.0 = Release|Any CPU
		{F174ED86-ED1B-48D3-AC6D-1EBD5B5D81B0}.CustomRelease|Any CPU.ActiveCfg = CustomRelease|Any CPU
		{F174ED86-ED1B-48D3-AC6D-1EBD5B5D81B0}.CustomRelease|Any CPU.Deploy.0 = CustomRelease|Any CPU
		{F174ED86-ED1B-48D3-AC6D-1EBD5B5D81B0}.Debug|Any CPU.ActiveCfg = Debug|Any CPU
		{F174ED86-ED1B-48D3-AC6D-1EBD5B5D81B0}.Debug|Any CPU.Build.0 = Debug|Any CPU
		{F174ED86-ED1B-48D3-AC6D-1EBD5B5D81B0}.Debug|Any CPU.Deploy.0 = Debug|Any CPU
		{F174ED86-ED1B-48D3-AC6D-1EBD5B5D81B0}.Release|Any CPU.ActiveCfg = Release|Any CPU
		{F174ED86-ED1B-48D3-AC6D-1EBD5B5D81B0}.Release|Any CPU.Build.0 = Release|Any CPU
		{F174ED86-ED1B-48D3-AC6D-1EBD5B5D81B0}.Release|Any CPU.Deploy.0 = Release|Any CPU
		{880D232B-5039-4835-8F88-E71A24915AB6}.CustomRelease|Any CPU.ActiveCfg = CustomRelease|Any CPU
		{880D232B-5039-4835-8F88-E71A24915AB6}.CustomRelease|Any CPU.Build.0 = CustomRelease|Any CPU
		{880D232B-5039-4835-8F88-E71A24915AB6}.Debug|Any CPU.ActiveCfg = Debug|Any CPU
		{880D232B-5039-4835-8F88-E71A24915AB6}.Debug|Any CPU.Build.0 = Debug|Any CPU
		{880D232B-5039-4835-8F88-E71A24915AB6}.Release|Any CPU.ActiveCfg = Release|Any CPU
		{880D232B-5039-4835-8F88-E71A24915AB6}.Release|Any CPU.Build.0 = Release|Any CPU
		{EC38AD89-18D9-481E-82BD-313E8E757318}.CustomRelease|Any CPU.ActiveCfg = CustomRelease|Any CPU
		{EC38AD89-18D9-481E-82BD-313E8E757318}.CustomRelease|Any CPU.Build.0 = CustomRelease|Any CPU
		{EC38AD89-18D9-481E-82BD-313E8E757318}.Debug|Any CPU.ActiveCfg = Debug|Any CPU
		{EC38AD89-18D9-481E-82BD-313E8E757318}.Debug|Any CPU.Build.0 = Debug|Any CPU
		{EC38AD89-18D9-481E-82BD-313E8E757318}.Release|Any CPU.ActiveCfg = Release|Any CPU
		{EC38AD89-18D9-481E-82BD-313E8E757318}.Release|Any CPU.Build.0 = Release|Any CPU
	EndGlobalSection
	GlobalSection(SolutionProperties) = preSolution
		HideSolutionNode = FALSE
	EndGlobalSection
	GlobalSection(ExtensibilityGlobals) = postSolution
		SolutionGuid = {0CA9D04C-BAB1-4881-8FEB-0FF433BD85C8}
	EndGlobalSection
EndGlobal
